
Microsoft Visual Studio Solution File, Format Version 12.00
Project("{FAE04EC0-301F-11D3-BF4B-00C04F79EFBC}") = "DeltaTech.DiligenceTech.API", "DeltaTech.DiligenceTech.API\DeltaTech.DiligenceTech.API.csproj", "{70F560FD-FA98-4FB1-97E7-29DAB1E1C412}"
EndProject
Global
	GlobalSection(SolutionConfigurationPlatforms) = preSolution
		Debug|Any CPU = Debug|Any CPU
		Release|Any CPU = Release|Any CPU
	EndGlobalSection
	GlobalSection(ProjectConfigurationPlatforms) = postSolution
		{70F560FD-FA98-4FB1-97E7-29DAB1E1C412}.Debug|Any CPU.ActiveCfg = Debug|Any CPU
		{70F560FD-FA98-4FB1-97E7-29DAB1E1C412}.Debug|Any CPU.Build.0 = Debug|Any CPU
		{70F560FD-FA98-4FB1-97E7-29DAB1E1C412}.Release|Any CPU.ActiveCfg = Release|Any CPU
		{70F560FD-FA98-4FB1-97E7-29DAB1E1C412}.Release|Any CPU.Build.0 = Release|Any CPU
	EndGlobalSection
EndGlobal
